
Microsoft Visual Studio Solution File, Format Version 12.00
# Visual Studio 15
Project("{FAE04EC0-301F-11D3-BF4B-00C04F79EFBC}") = "Assembly-CSharp", "Assembly-CSharp.csproj", "{D2F1D505-331B-C33B-9940-D95854FD5B2C}"
EndProject
Project("{FAE04EC0-301F-11D3-BF4B-00C04F79EFBC}") = "Assembly-CSharp-firstpass", "Assembly-CSharp-firstpass.csproj", "{8B468E80-82E0-917F-A8B4-D681CB1F1F3A}"
EndProject
Project("{FAE04EC0-301F-11D3-BF4B-00C04F79EFBC}") = "Assembly-CSharp-Editor-firstpass", "Assembly-CSharp-Editor-firstpass.csproj", "{AA938F0A-E34C-119D-E6F4-3E3FB49E720D}"
EndProject
Global
	GlobalSection(SolutionConfigurationPlatforms) = preSolution
		Debug|Any CPU = Debug|Any CPU
		Release|Any CPU = Release|Any CPU
	EndGlobalSection
	GlobalSection(ProjectConfigurationPlatforms) = postSolution
		{D2F1D505-331B-C33B-9940-D95854FD5B2C}.Debug|Any CPU.ActiveCfg = Debug|Any CPU
		{D2F1D505-331B-C33B-9940-D95854FD5B2C}.Debug|Any CPU.Build.0 = Debug|Any CPU
		{D2F1D505-331B-C33B-9940-D95854FD5B2C}.Release|Any CPU.ActiveCfg = Release|Any CPU
		{D2F1D505-331B-C33B-9940-D95854FD5B2C}.Release|Any CPU.Build.0 = Release|Any CPU
		{8B468E80-82E0-917F-A8B4-D681CB1F1F3A}.Debug|Any CPU.ActiveCfg = Debug|Any CPU
		{8B468E80-82E0-917F-A8B4-D681CB1F1F3A}.Debug|Any CPU.Build.0 = Debug|Any CPU
		{8B468E80-82E0-917F-A8B4-D681CB1F1F3A}.Release|Any CPU.ActiveCfg = Release|Any CPU
		{8B468E80-82E0-917F-A8B4-D681CB1F1F3A}.Release|Any CPU.Build.0 = Release|Any CPU
		{AA938F0A-E34C-119D-E6F4-3E3FB49E720D}.Debug|Any CPU.ActiveCfg = Debug|Any CPU
		{AA938F0A-E34C-119D-E6F4-3E3FB49E720D}.Debug|Any CPU.Build.0 = Debug|Any CPU
		{AA938F0A-E34C-119D-E6F4-3E3FB49E720D}.Release|Any CPU.ActiveCfg = Release|Any CPU
		{AA938F0A-E34C-119D-E6F4-3E3FB49E720D}.Release|Any CPU.Build.0 = Release|Any CPU
	EndGlobalSection
	GlobalSection(SolutionProperties) = preSolution
		HideSolutionNode = FALSE
	EndGlobalSection
EndGlobal
